# This file is automatically @generated by Poetry 1.8.3 and should not be changed by hand.

[[package]]
name = "enthusiast-common"
version = "0.2.0"
description = ""
optional = false
python-versions = "<4.0,>=3.9"
files = [
    {file = "enthusiast_common-0.2.0-py3-none-any.whl", hash = "sha256:b44ef07324418385fef4d11dcdb089c7e2ce20a4a69e55b2cfa9b789502d9e08"},
    {file = "enthusiast_common-0.2.0.tar.gz", hash = "sha256:8d977f0de50b1011956b27b0891851a58d104dfb8992f762504b7779e0b2a761"},
]

[metadata]
lock-version = "2.0"
python-versions = "^3.9"
content-hash = "5ccec3138f826a9fec451a993b87057e28b00399316cf6058ca31871c10a6ff1"
